
Microsoft Visual Studio Solution File, Format Version 12.00
# Visual Studio 15
VisualStudioVersion = 15.0.27004.2002
MinimumVisualStudioVersion = 10.0.40219.1
Project("{FAE04EC0-301F-11D3-BF4B-00C04F79EFBC}") = "xbmpApp.Android", "xbmpApp\xbmpApp.Android\xbmpApp.Android.csproj", "{5D2CBEC3-3109-4202-99CB-A40F0E843390}"
EndProject
Project("{FAE04EC0-301F-11D3-BF4B-00C04F79EFBC}") = "xbmpApp", "xbmpApp\xbmpApp\xbmpApp.csproj", "{B0064BB7-EDEC-405A-BCC4-57A611D74DC5}"
EndProject
Project("{FAE04EC0-301F-11D3-BF4B-00C04F79EFBC}") = "xbmpApp.UWP", "xbmpApp\xbmpApp.UWP\xbmpApp.UWP.csproj", "{14E2E3E1-42E9-4875-B1FC-0F315199762C}"
EndProject
Project("{FAE04EC0-301F-11D3-BF4B-00C04F79EFBC}") = "xbmpApp.iOS", "xbmpApp\xbmpApp.iOS\xbmpApp.iOS.csproj", "{00AC88A5-4245-43CF-B567-3B8A6688CC18}"
EndProject
Project("{FAE04EC0-301F-11D3-BF4B-00C04F79EFBC}") = "SitekickService", "SitekickService\SitekickService.csproj", "{E5AF3005-B7CE-4595-B234-2E68829BF3AD}"
EndProject
Global
	GlobalSection(SolutionConfigurationPlatforms) = preSolution
		Ad-Hoc|Any CPU = Ad-Hoc|Any CPU
		Ad-Hoc|ARM = Ad-Hoc|ARM
		Ad-Hoc|iPhone = Ad-Hoc|iPhone
		Ad-Hoc|iPhoneSimulator = Ad-Hoc|iPhoneSimulator
		Ad-Hoc|x64 = Ad-Hoc|x64
		Ad-Hoc|x86 = Ad-Hoc|x86
		AppStore|Any CPU = AppStore|Any CPU
		AppStore|ARM = AppStore|ARM
		AppStore|iPhone = AppStore|iPhone
		AppStore|iPhoneSimulator = AppStore|iPhoneSimulator
		AppStore|x64 = AppStore|x64
		AppStore|x86 = AppStore|x86
		Debug|Any CPU = Debug|Any CPU
		Debug|ARM = Debug|ARM
		Debug|iPhone = Debug|iPhone
		Debug|iPhoneSimulator = Debug|iPhoneSimulator
		Debug|x64 = Debug|x64
		Debug|x86 = Debug|x86
		Release|Any CPU = Release|Any CPU
		Release|ARM = Release|ARM
		Release|iPhone = Release|iPhone
		Release|iPhoneSimulator = Release|iPhoneSimulator
		Release|x64 = Release|x64
		Release|x86 = Release|x86
	EndGlobalSection
	GlobalSection(ProjectConfigurationPlatforms) = postSolution
		{5D2CBEC3-3109-4202-99CB-A40F0E843390}.Ad-Hoc|Any CPU.ActiveCfg = Release|Any CPU
		{5D2CBEC3-3109-4202-99CB-A40F0E843390}.Ad-Hoc|Any CPU.Build.0 = Release|Any CPU
		{5D2CBEC3-3109-4202-99CB-A40F0E843390}.Ad-Hoc|Any CPU.Deploy.0 = Release|Any CPU
		{5D2CBEC3-3109-4202-99CB-A40F0E843390}.Ad-Hoc|ARM.ActiveCfg = Release|Any CPU
		{5D2CBEC3-3109-4202-99CB-A40F0E843390}.Ad-Hoc|ARM.Build.0 = Release|Any CPU
		{5D2CBEC3-3109-4202-99CB-A40F0E843390}.Ad-Hoc|ARM.Deploy.0 = Release|Any CPU
		{5D2CBEC3-3109-4202-99CB-A40F0E843390}.Ad-Hoc|iPhone.ActiveCfg = Release|Any CPU
		{5D2CBEC3-3109-4202-99CB-A40F0E843390}.Ad-Hoc|iPhone.Build.0 = Release|Any CPU
		{5D2CBEC3-3109-4202-99CB-A40F0E843390}.Ad-Hoc|iPhone.Deploy.0 = Release|Any CPU
		{5D2CBEC3-3109-4202-99CB-A40F0E843390}.Ad-Hoc|iPhoneSimulator.ActiveCfg = Release|Any CPU
		{5D2CBEC3-3109-4202-99CB-A40F0E843390}.Ad-Hoc|iPhoneSimulator.Build.0 = Release|Any CPU
		{5D2CBEC3-3109-4202-99CB-A40F0E843390}.Ad-Hoc|iPhoneSimulator.Deploy.0 = Release|Any CPU
		{5D2CBEC3-3109-4202-99CB-A40F0E843390}.Ad-Hoc|x64.ActiveCfg = Release|Any CPU
		{5D2CBEC3-3109-4202-99CB-A40F0E843390}.Ad-Hoc|x64.Build.0 = Release|Any CPU
		{5D2CBEC3-3109-4202-99CB-A40F0E843390}.Ad-Hoc|x64.Deploy.0 = Release|Any CPU
		{5D2CBEC3-3109-4202-99CB-A40F0E843390}.Ad-Hoc|x86.ActiveCfg = Release|Any CPU
		{5D2CBEC3-3109-4202-99CB-A40F0E843390}.Ad-Hoc|x86.Build.0 = Release|Any CPU
		{5D2CBEC3-3109-4202-99CB-A40F0E843390}.Ad-Hoc|x86.Deploy.0 = Release|Any CPU
		{5D2CBEC3-3109-4202-99CB-A40F0E843390}.AppStore|Any CPU.ActiveCfg = Release|Any CPU
		{5D2CBEC3-3109-4202-99CB-A40F0E843390}.AppStore|Any CPU.Build.0 = Release|Any CPU
		{5D2CBEC3-3109-4202-99CB-A40F0E843390}.AppStore|Any CPU.Deploy.0 = Release|Any CPU
		{5D2CBEC3-3109-4202-99CB-A40F0E843390}.AppStore|ARM.ActiveCfg = Release|Any CPU
		{5D2CBEC3-3109-4202-99CB-A40F0E843390}.AppStore|ARM.Build.0 = Release|Any CPU
		{5D2CBEC3-3109-4202-99CB-A40F0E843390}.AppStore|ARM.Deploy.0 = Release|Any CPU
		{5D2CBEC3-3109-4202-99CB-A40F0E843390}.AppStore|iPhone.ActiveCfg = Release|Any CPU
		{5D2CBEC3-3109-4202-99CB-A40F0E843390}.AppStore|iPhone.Build.0 = Release|Any CPU
		{5D2CBEC3-3109-4202-99CB-A40F0E843390}.AppStore|iPhone.Deploy.0 = Release|Any CPU
		{5D2CBEC3-3109-4202-99CB-A40F0E843390}.AppStore|iPhoneSimulator.ActiveCfg = Release|Any CPU
		{5D2CBEC3-3109-4202-99CB-A40F0E843390}.AppStore|iPhoneSimulator.Build.0 = Release|Any CPU
		{5D2CBEC3-3109-4202-99CB-A40F0E843390}.AppStore|iPhoneSimulator.Deploy.0 = Release|Any CPU
		{5D2CBEC3-3109-4202-99CB-A40F0E843390}.AppStore|x64.ActiveCfg = Release|Any CPU
		{5D2CBEC3-3109-4202-99CB-A40F0E843390}.AppStore|x64.Build.0 = Release|Any CPU
		{5D2CBEC3-3109-4202-99CB-A40F0E843390}.AppStore|x64.Deploy.0 = Release|Any CPU
		{5D2CBEC3-3109-4202-99CB-A40F0E843390}.AppStore|x86.ActiveCfg = Release|Any CPU
		{5D2CBEC3-3109-4202-99CB-A40F0E843390}.AppStore|x86.Build.0 = Release|Any CPU
		{5D2CBEC3-3109-4202-99CB-A40F0E843390}.AppStore|x86.Deploy.0 = Release|Any CPU
		{5D2CBEC3-3109-4202-99CB-A40F0E843390}.Debug|Any CPU.ActiveCfg = Debug|Any CPU
		{5D2CBEC3-3109-4202-99CB-A40F0E843390}.Debug|Any CPU.Build.0 = Debug|Any CPU
		{5D2CBEC3-3109-4202-99CB-A40F0E843390}.Debug|Any CPU.Deploy.0 = Debug|Any CPU
		{5D2CBEC3-3109-4202-99CB-A40F0E843390}.Debug|ARM.ActiveCfg = Debug|Any CPU
		{5D2CBEC3-3109-4202-99CB-A40F0E843390}.Debug|ARM.Build.0 = Debug|Any CPU
		{5D2CBEC3-3109-4202-99CB-A40F0E843390}.Debug|ARM.Deploy.0 = Debug|Any CPU
		{5D2CBEC3-3109-4202-99CB-A40F0E843390}.Debug|iPhone.ActiveCfg = Debug|Any CPU
		{5D2CBEC3-3109-4202-99CB-A40F0E843390}.Debug|iPhone.Build.0 = Debug|Any CPU
		{5D2CBEC3-3109-4202-99CB-A40F0E843390}.Debug|iPhone.Deploy.0 = Debug|Any CPU
		{5D2CBEC3-3109-4202-99CB-A40F0E843390}.Debug|iPhoneSimulator.ActiveCfg = Debug|Any CPU
		{5D2CBEC3-3109-4202-99CB-A40F0E843390}.Debug|iPhoneSimulator.Build.0 = Debug|Any CPU
		{5D2CBEC3-3109-4202-99CB-A40F0E843390}.Debug|iPhoneSimulator.Deploy.0 = Debug|Any CPU
		{5D2CBEC3-3109-4202-99CB-A40F0E843390}.Debug|x64.ActiveCfg = Debug|Any CPU
		{5D2CBEC3-3109-4202-99CB-A40F0E843390}.Debug|x64.Build.0 = Debug|Any CPU
		{5D2CBEC3-3109-4202-99CB-A40F0E843390}.Debug|x64.Deploy.0 = Debug|Any CPU
		{5D2CBEC3-3109-4202-99CB-A40F0E843390}.Debug|x86.ActiveCfg = Debug|Any CPU
		{5D2CBEC3-3109-4202-99CB-A40F0E843390}.Debug|x86.Build.0 = Debug|Any CPU
		{5D2CBEC3-3109-4202-99CB-A40F0E843390}.Debug|x86.Deploy.0 = Debug|Any CPU
		{5D2CBEC3-3109-4202-99CB-A40F0E843390}.Release|Any CPU.ActiveCfg = Release|Any CPU
		{5D2CBEC3-3109-4202-99CB-A40F0E843390}.Release|Any CPU.Build.0 = Release|Any CPU
		{5D2CBEC3-3109-4202-99CB-A40F0E843390}.Release|Any CPU.Deploy.0 = Release|Any CPU
		{5D2CBEC3-3109-4202-99CB-A40F0E843390}.Release|ARM.ActiveCfg = Release|Any CPU
		{5D2CBEC3-3109-4202-99CB-A40F0E843390}.Release|ARM.Build.0 = Release|Any CPU
		{5D2CBEC3-3109-4202-99CB-A40F0E843390}.Release|ARM.Deploy.0 = Release|Any CPU
		{5D2CBEC3-3109-4202-99CB-A40F0E843390}.Release|iPhone.ActiveCfg = Release|Any CPU
		{5D2CBEC3-3109-4202-99CB-A40F0E843390}.Release|iPhone.Build.0 = Release|Any CPU
		{5D2CBEC3-3109-4202-99CB-A40F0E843390}.Release|iPhone.Deploy.0 = Release|Any CPU
		{5D2CBEC3-3109-4202-99CB-A40F0E843390}.Release|iPhoneSimulator.ActiveCfg = Release|Any CPU
		{5D2CBEC3-3109-4202-99CB-A40F0E843390}.Release|iPhoneSimulator.Build.0 = Release|Any CPU
		{5D2CBEC3-3109-4202-99CB-A40F0E843390}.Release|iPhoneSimulator.Deploy.0 = Release|Any CPU
		{5D2CBEC3-3109-4202-99CB-A40F0E843390}.Release|x64.ActiveCfg = Release|Any CPU
		{5D2CBEC3-3109-4202-99CB-A40F0E843390}.Release|x64.Build.0 = Release|Any CPU
		{5D2CBEC3-3109-4202-99CB-A40F0E843390}.Release|x64.Deploy.0 = Release|Any CPU
		{5D2CBEC3-3109-4202-99CB-A40F0E843390}.Release|x86.ActiveCfg = Release|Any CPU
		{5D2CBEC3-3109-4202-99CB-A40F0E843390}.Release|x86.Build.0 = Release|Any CPU
		{5D2CBEC3-3109-4202-99CB-A40F0E843390}.Release|x86.Deploy.0 = Release|Any CPU
		{B0064BB7-EDEC-405A-BCC4-57A611D74DC5}.Ad-Hoc|Any CPU.ActiveCfg = Release|Any CPU
		{B0064BB7-EDEC-405A-BCC4-57A611D74DC5}.Ad-Hoc|Any CPU.Build.0 = Release|Any CPU
		{B0064BB7-EDEC-405A-BCC4-57A611D74DC5}.Ad-Hoc|ARM.ActiveCfg = Release|Any CPU
		{B0064BB7-EDEC-405A-BCC4-57A611D74DC5}.Ad-Hoc|ARM.Build.0 = Release|Any CPU
		{B0064BB7-EDEC-405A-BCC4-57A611D74DC5}.Ad-Hoc|iPhone.ActiveCfg = Release|Any CPU
		{B0064BB7-EDEC-405A-BCC4-57A611D74DC5}.Ad-Hoc|iPhone.Build.0 = Release|Any CPU
		{B0064BB7-EDEC-405A-BCC4-57A611D74DC5}.Ad-Hoc|iPhoneSimulator.ActiveCfg = Release|Any CPU
		{B0064BB7-EDEC-405A-BCC4-57A611D74DC5}.Ad-Hoc|iPhoneSimulator.Build.0 = Release|Any CPU
		{B0064BB7-EDEC-405A-BCC4-57A611D74DC5}.Ad-Hoc|x64.ActiveCfg = Release|Any CPU
		{B0064BB7-EDEC-405A-BCC4-57A611D74DC5}.Ad-Hoc|x64.Build.0 = Release|Any CPU
		{B0064BB7-EDEC-405A-BCC4-57A611D74DC5}.Ad-Hoc|x86.ActiveCfg = Release|Any CPU
		{B0064BB7-EDEC-405A-BCC4-57A611D74DC5}.Ad-Hoc|x86.Build.0 = Release|Any CPU
		{B0064BB7-EDEC-405A-BCC4-57A611D74DC5}.AppStore|Any CPU.ActiveCfg = Release|Any CPU
		{B0064BB7-EDEC-405A-BCC4-57A611D74DC5}.AppStore|Any CPU.Build.0 = Release|Any CPU
		{B0064BB7-EDEC-405A-BCC4-57A611D74DC5}.AppStore|ARM.ActiveCfg = Release|Any CPU
		{B0064BB7-EDEC-405A-BCC4-57A611D74DC5}.AppStore|ARM.Build.0 = Release|Any CPU
		{B0064BB7-EDEC-405A-BCC4-57A611D74DC5}.AppStore|iPhone.ActiveCfg = Release|Any CPU
		{B0064BB7-EDEC-405A-BCC4-57A611D74DC5}.AppStore|iPhone.Build.0 = Release|Any CPU
		{B0064BB7-EDEC-405A-BCC4-57A611D74DC5}.AppStore|iPhoneSimulator.ActiveCfg = Release|Any CPU
		{B0064BB7-EDEC-405A-BCC4-57A611D74DC5}.AppStore|iPhoneSimulator.Build.0 = Release|Any CPU
		{B0064BB7-EDEC-405A-BCC4-57A611D74DC5}.AppStore|x64.ActiveCfg = Release|Any CPU
		{B0064BB7-EDEC-405A-BCC4-57A611D74DC5}.AppStore|x64.Build.0 = Release|Any CPU
		{B0064BB7-EDEC-405A-BCC4-57A611D74DC5}.AppStore|x86.ActiveCfg = Release|Any CPU
		{B0064BB7-EDEC-405A-BCC4-57A611D74DC5}.AppStore|x86.Build.0 = Release|Any CPU
		{B0064BB7-EDEC-405A-BCC4-57A611D74DC5}.Debug|Any CPU.ActiveCfg = Debug|Any CPU
		{B0064BB7-EDEC-405A-BCC4-57A611D74DC5}.Debug|Any CPU.Build.0 = Debug|Any CPU
		{B0064BB7-EDEC-405A-BCC4-57A611D74DC5}.Debug|ARM.ActiveCfg = Debug|Any CPU
		{B0064BB7-EDEC-405A-BCC4-57A611D74DC5}.Debug|ARM.Build.0 = Debug|Any CPU
		{B0064BB7-EDEC-405A-BCC4-57A611D74DC5}.Debug|iPhone.ActiveCfg = Debug|Any CPU
		{B0064BB7-EDEC-405A-BCC4-57A611D74DC5}.Debug|iPhone.Build.0 = Debug|Any CPU
		{B0064BB7-EDEC-405A-BCC4-57A611D74DC5}.Debug|iPhoneSimulator.ActiveCfg = Debug|Any CPU
		{B0064BB7-EDEC-405A-BCC4-57A611D74DC5}.Debug|iPhoneSimulator.Build.0 = Debug|Any CPU
		{B0064BB7-EDEC-405A-BCC4-57A611D74DC5}.Debug|x64.ActiveCfg = Debug|Any CPU
		{B0064BB7-EDEC-405A-BCC4-57A611D74DC5}.Debug|x64.Build.0 = Debug|Any CPU
		{B0064BB7-EDEC-405A-BCC4-57A611D74DC5}.Debug|x86.ActiveCfg = Debug|Any CPU
		{B0064BB7-EDEC-405A-BCC4-57A611D74DC5}.Debug|x86.Build.0 = Debug|Any CPU
		{B0064BB7-EDEC-405A-BCC4-57A611D74DC5}.Release|Any CPU.ActiveCfg = Release|Any CPU
		{B0064BB7-EDEC-405A-BCC4-57A611D74DC5}.Release|Any CPU.Build.0 = Release|Any CPU
		{B0064BB7-EDEC-405A-BCC4-57A611D74DC5}.Release|ARM.ActiveCfg = Release|Any CPU
		{B0064BB7-EDEC-405A-BCC4-57A611D74DC5}.Release|ARM.Build.0 = Release|Any CPU
		{B0064BB7-EDEC-405A-BCC4-57A611D74DC5}.Release|iPhone.ActiveCfg = Release|Any CPU
		{B0064BB7-EDEC-405A-BCC4-57A611D74DC5}.Release|iPhone.Build.0 = Release|Any CPU
		{B0064BB7-EDEC-405A-BCC4-57A611D74DC5}.Release|iPhoneSimulator.ActiveCfg = Release|Any CPU
		{B0064BB7-EDEC-405A-BCC4-57A611D74DC5}.Release|iPhoneSimulator.Build.0 = Release|Any CPU
		{B0064BB7-EDEC-405A-BCC4-57A611D74DC5}.Release|x64.ActiveCfg = Release|Any CPU
		{B0064BB7-EDEC-405A-BCC4-57A611D74DC5}.Release|x64.Build.0 = Release|Any CPU
		{B0064BB7-EDEC-405A-BCC4-57A611D74DC5}.Release|x86.ActiveCfg = Release|Any CPU
		{B0064BB7-EDEC-405A-BCC4-57A611D74DC5}.Release|x86.Build.0 = Release|Any CPU
		{14E2E3E1-42E9-4875-B1FC-0F315199762C}.Ad-Hoc|Any CPU.ActiveCfg = Release|x86
		{14E2E3E1-42E9-4875-B1FC-0F315199762C}.Ad-Hoc|Any CPU.Build.0 = Release|x86
		{14E2E3E1-42E9-4875-B1FC-0F315199762C}.Ad-Hoc|Any CPU.Deploy.0 = Release|x86
		{14E2E3E1-42E9-4875-B1FC-0F315199762C}.Ad-Hoc|ARM.ActiveCfg = Release|ARM
		{14E2E3E1-42E9-4875-B1FC-0F315199762C}.Ad-Hoc|ARM.Build.0 = Release|ARM
		{14E2E3E1-42E9-4875-B1FC-0F315199762C}.Ad-Hoc|ARM.Deploy.0 = Release|ARM
		{14E2E3E1-42E9-4875-B1FC-0F315199762C}.Ad-Hoc|iPhone.ActiveCfg = Release|x86
		{14E2E3E1-42E9-4875-B1FC-0F315199762C}.Ad-Hoc|iPhone.Build.0 = Release|x86
		{14E2E3E1-42E9-4875-B1FC-0F315199762C}.Ad-Hoc|iPhone.Deploy.0 = Release|x86
		{14E2E3E1-42E9-4875-B1FC-0F315199762C}.Ad-Hoc|iPhoneSimulator.ActiveCfg = Release|x86
		{14E2E3E1-42E9-4875-B1FC-0F315199762C}.Ad-Hoc|iPhoneSimulator.Build.0 = Release|x86
		{14E2E3E1-42E9-4875-B1FC-0F315199762C}.Ad-Hoc|iPhoneSimulator.Deploy.0 = Release|x86
		{14E2E3E1-42E9-4875-B1FC-0F315199762C}.Ad-Hoc|x64.ActiveCfg = Release|x64
		{14E2E3E1-42E9-4875-B1FC-0F315199762C}.Ad-Hoc|x64.Build.0 = Release|x64
		{14E2E3E1-42E9-4875-B1FC-0F315199762C}.Ad-Hoc|x64.Deploy.0 = Release|x64
		{14E2E3E1-42E9-4875-B1FC-0F315199762C}.Ad-Hoc|x86.ActiveCfg = Release|x86
		{14E2E3E1-42E9-4875-B1FC-0F315199762C}.Ad-Hoc|x86.Build.0 = Release|x86
		{14E2E3E1-42E9-4875-B1FC-0F315199762C}.Ad-Hoc|x86.Deploy.0 = Release|x86
		{14E2E3E1-42E9-4875-B1FC-0F315199762C}.AppStore|Any CPU.ActiveCfg = Release|x86
		{14E2E3E1-42E9-4875-B1FC-0F315199762C}.AppStore|Any CPU.Build.0 = Release|x86
		{14E2E3E1-42E9-4875-B1FC-0F315199762C}.AppStore|Any CPU.Deploy.0 = Release|x86
		{14E2E3E1-42E9-4875-B1FC-0F315199762C}.AppStore|ARM.ActiveCfg = Release|ARM
		{14E2E3E1-42E9-4875-B1FC-0F315199762C}.AppStore|ARM.Build.0 = Release|ARM
		{14E2E3E1-42E9-4875-B1FC-0F315199762C}.AppStore|ARM.Deploy.0 = Release|ARM
		{14E2E3E1-42E9-4875-B1FC-0F315199762C}.AppStore|iPhone.ActiveCfg = Release|x86
		{14E2E3E1-42E9-4875-B1FC-0F315199762C}.AppStore|iPhone.Build.0 = Release|x86
		{14E2E3E1-42E9-4875-B1FC-0F315199762C}.AppStore|iPhone.Deploy.0 = Release|x86
		{14E2E3E1-42E9-4875-B1FC-0F315199762C}.AppStore|iPhoneSimulator.ActiveCfg = Release|x86
		{14E2E3E1-42E9-4875-B1FC-0F315199762C}.AppStore|iPhoneSimulator.Build.0 = Release|x86
		{14E2E3E1-42E9-4875-B1FC-0F315199762C}.AppStore|iPhoneSimulator.Deploy.0 = Release|x86
		{14E2E3E1-42E9-4875-B1FC-0F315199762C}.AppStore|x64.ActiveCfg = Release|x64
		{14E2E3E1-42E9-4875-B1FC-0F315199762C}.AppStore|x64.Build.0 = Release|x64
		{14E2E3E1-42E9-4875-B1FC-0F315199762C}.AppStore|x64.Deploy.0 = Release|x64
		{14E2E3E1-42E9-4875-B1FC-0F315199762C}.AppStore|x86.ActiveCfg = Release|x86
		{14E2E3E1-42E9-4875-B1FC-0F315199762C}.AppStore|x86.Build.0 = Release|x86
		{14E2E3E1-42E9-4875-B1FC-0F315199762C}.AppStore|x86.Deploy.0 = Release|x86
		{14E2E3E1-42E9-4875-B1FC-0F315199762C}.Debug|Any CPU.ActiveCfg = Debug|x86
		{14E2E3E1-42E9-4875-B1FC-0F315199762C}.Debug|ARM.ActiveCfg = Debug|ARM
		{14E2E3E1-42E9-4875-B1FC-0F315199762C}.Debug|ARM.Build.0 = Debug|ARM
		{14E2E3E1-42E9-4875-B1FC-0F315199762C}.Debug|ARM.Deploy.0 = Debug|ARM
		{14E2E3E1-42E9-4875-B1FC-0F315199762C}.Debug|iPhone.ActiveCfg = Debug|x86
		{14E2E3E1-42E9-4875-B1FC-0F315199762C}.Debug|iPhoneSimulator.ActiveCfg = Debug|x86
		{14E2E3E1-42E9-4875-B1FC-0F315199762C}.Debug|x64.ActiveCfg = Debug|x64
		{14E2E3E1-42E9-4875-B1FC-0F315199762C}.Debug|x64.Build.0 = Debug|x64
		{14E2E3E1-42E9-4875-B1FC-0F315199762C}.Debug|x64.Deploy.0 = Debug|x64
		{14E2E3E1-42E9-4875-B1FC-0F315199762C}.Debug|x86.ActiveCfg = Debug|x86
		{14E2E3E1-42E9-4875-B1FC-0F315199762C}.Debug|x86.Build.0 = Debug|x86
		{14E2E3E1-42E9-4875-B1FC-0F315199762C}.Debug|x86.Deploy.0 = Debug|x86
		{14E2E3E1-42E9-4875-B1FC-0F315199762C}.Release|Any CPU.ActiveCfg = Release|x86
		{14E2E3E1-42E9-4875-B1FC-0F315199762C}.Release|ARM.ActiveCfg = Release|ARM
		{14E2E3E1-42E9-4875-B1FC-0F315199762C}.Release|ARM.Build.0 = Release|ARM
		{14E2E3E1-42E9-4875-B1FC-0F315199762C}.Release|ARM.Deploy.0 = Release|ARM
		{14E2E3E1-42E9-4875-B1FC-0F315199762C}.Release|iPhone.ActiveCfg = Release|x86
		{14E2E3E1-42E9-4875-B1FC-0F315199762C}.Release|iPhoneSimulator.ActiveCfg = Release|x86
		{14E2E3E1-42E9-4875-B1FC-0F315199762C}.Release|x64.ActiveCfg = Release|x64
		{14E2E3E1-42E9-4875-B1FC-0F315199762C}.Release|x64.Build.0 = Release|x64
		{14E2E3E1-42E9-4875-B1FC-0F315199762C}.Release|x64.Deploy.0 = Release|x64
		{14E2E3E1-42E9-4875-B1FC-0F315199762C}.Release|x86.ActiveCfg = Release|x86
		{14E2E3E1-42E9-4875-B1FC-0F315199762C}.Release|x86.Build.0 = Release|x86
		{14E2E3E1-42E9-4875-B1FC-0F315199762C}.Release|x86.Deploy.0 = Release|x86
		{00AC88A5-4245-43CF-B567-3B8A6688CC18}.Ad-Hoc|Any CPU.ActiveCfg = Ad-Hoc|iPhoneSimulator
		{00AC88A5-4245-43CF-B567-3B8A6688CC18}.Ad-Hoc|ARM.ActiveCfg = Ad-Hoc|iPhone
		{00AC88A5-4245-43CF-B567-3B8A6688CC18}.Ad-Hoc|iPhone.ActiveCfg = Ad-Hoc|iPhone
		{00AC88A5-4245-43CF-B567-3B8A6688CC18}.Ad-Hoc|iPhone.Build.0 = Ad-Hoc|iPhone
		{00AC88A5-4245-43CF-B567-3B8A6688CC18}.Ad-Hoc|iPhoneSimulator.ActiveCfg = Ad-Hoc|iPhoneSimulator
		{00AC88A5-4245-43CF-B567-3B8A6688CC18}.Ad-Hoc|iPhoneSimulator.Build.0 = Ad-Hoc|iPhoneSimulator
		{00AC88A5-4245-43CF-B567-3B8A6688CC18}.Ad-Hoc|x64.ActiveCfg = Ad-Hoc|iPhone
		{00AC88A5-4245-43CF-B567-3B8A6688CC18}.Ad-Hoc|x86.ActiveCfg = Ad-Hoc|iPhone
		{00AC88A5-4245-43CF-B567-3B8A6688CC18}.AppStore|Any CPU.ActiveCfg = AppStore|iPhoneSimulator
		{00AC88A5-4245-43CF-B567-3B8A6688CC18}.AppStore|ARM.ActiveCfg = AppStore|iPhone
		{00AC88A5-4245-43CF-B567-3B8A6688CC18}.AppStore|iPhone.ActiveCfg = AppStore|iPhone
		{00AC88A5-4245-43CF-B567-3B8A6688CC18}.AppStore|iPhone.Build.0 = AppStore|iPhone
		{00AC88A5-4245-43CF-B567-3B8A6688CC18}.AppStore|iPhoneSimulator.ActiveCfg = AppStore|iPhoneSimulator
		{00AC88A5-4245-43CF-B567-3B8A6688CC18}.AppStore|iPhoneSimulator.Build.0 = AppStore|iPhoneSimulator
		{00AC88A5-4245-43CF-B567-3B8A6688CC18}.AppStore|x64.ActiveCfg = AppStore|iPhone
		{00AC88A5-4245-43CF-B567-3B8A6688CC18}.AppStore|x86.ActiveCfg = AppStore|iPhone
		{00AC88A5-4245-43CF-B567-3B8A6688CC18}.Debug|Any CPU.ActiveCfg = Debug|iPhoneSimulator
		{00AC88A5-4245-43CF-B567-3B8A6688CC18}.Debug|ARM.ActiveCfg = Debug|iPhone
		{00AC88A5-4245-43CF-B567-3B8A6688CC18}.Debug|iPhone.ActiveCfg = Debug|iPhone
		{00AC88A5-4245-43CF-B567-3B8A6688CC18}.Debug|iPhone.Build.0 = Debug|iPhone
		{00AC88A5-4245-43CF-B567-3B8A6688CC18}.Debug|iPhoneSimulator.ActiveCfg = Debug|iPhoneSimulator
		{00AC88A5-4245-43CF-B567-3B8A6688CC18}.Debug|iPhoneSimulator.Build.0 = Debug|iPhoneSimulator
		{00AC88A5-4245-43CF-B567-3B8A6688CC18}.Debug|x64.ActiveCfg = Debug|iPhone
		{00AC88A5-4245-43CF-B567-3B8A6688CC18}.Debug|x86.ActiveCfg = Debug|iPhone
		{00AC88A5-4245-43CF-B567-3B8A6688CC18}.Release|Any CPU.ActiveCfg = Release|iPhoneSimulator
		{00AC88A5-4245-43CF-B567-3B8A6688CC18}.Release|ARM.ActiveCfg = Release|iPhone
		{00AC88A5-4245-43CF-B567-3B8A6688CC18}.Release|iPhone.ActiveCfg = Release|iPhone
		{00AC88A5-4245-43CF-B567-3B8A6688CC18}.Release|iPhone.Build.0 = Release|iPhone
		{00AC88A5-4245-43CF-B567-3B8A6688CC18}.Release|iPhoneSimulator.ActiveCfg = Release|iPhoneSimulator
		{00AC88A5-4245-43CF-B567-3B8A6688CC18}.Release|iPhoneSimulator.Build.0 = Release|iPhoneSimulator
		{00AC88A5-4245-43CF-B567-3B8A6688CC18}.Release|x64.ActiveCfg = Release|iPhone
		{00AC88A5-4245-43CF-B567-3B8A6688CC18}.Release|x86.ActiveCfg = Release|iPhone
		{E5AF3005-B7CE-4595-B234-2E68829BF3AD}.Ad-Hoc|Any CPU.ActiveCfg = Debug|Any CPU
		{E5AF3005-B7CE-4595-B234-2E68829BF3AD}.Ad-Hoc|Any CPU.Build.0 = Debug|Any CPU
		{E5AF3005-B7CE-4595-B234-2E68829BF3AD}.Ad-Hoc|ARM.ActiveCfg = Debug|Any CPU
		{E5AF3005-B7CE-4595-B234-2E68829BF3AD}.Ad-Hoc|ARM.Build.0 = Debug|Any CPU
		{E5AF3005-B7CE-4595-B234-2E68829BF3AD}.Ad-Hoc|iPhone.ActiveCfg = Debug|Any CPU
		{E5AF3005-B7CE-4595-B234-2E68829BF3AD}.Ad-Hoc|iPhone.Build.0 = Debug|Any CPU
		{E5AF3005-B7CE-4595-B234-2E68829BF3AD}.Ad-Hoc|iPhoneSimulator.ActiveCfg = Debug|Any CPU
		{E5AF3005-B7CE-4595-B234-2E68829BF3AD}.Ad-Hoc|iPhoneSimulator.Build.0 = Debug|Any CPU
		{E5AF3005-B7CE-4595-B234-2E68829BF3AD}.Ad-Hoc|x64.ActiveCfg = Debug|Any CPU
		{E5AF3005-B7CE-4595-B234-2E68829BF3AD}.Ad-Hoc|x64.Build.0 = Debug|Any CPU
		{E5AF3005-B7CE-4595-B234-2E68829BF3AD}.Ad-Hoc|x86.ActiveCfg = Debug|Any CPU
		{E5AF3005-B7CE-4595-B234-2E68829BF3AD}.Ad-Hoc|x86.Build.0 = Debug|Any CPU
		{E5AF3005-B7CE-4595-B234-2E68829BF3AD}.AppStore|Any CPU.ActiveCfg = Debug|Any CPU
		{E5AF3005-B7CE-4595-B234-2E68829BF3AD}.AppStore|Any CPU.Build.0 = Debug|Any CPU
		{E5AF3005-B7CE-4595-B234-2E68829BF3AD}.AppStore|ARM.ActiveCfg = Debug|Any CPU
		{E5AF3005-B7CE-4595-B234-2E68829BF3AD}.AppStore|ARM.Build.0 = Debug|Any CPU
		{E5AF3005-B7CE-4595-B234-2E68829BF3AD}.AppStore|iPhone.ActiveCfg = Debug|Any CPU
		{E5AF3005-B7CE-4595-B234-2E68829BF3AD}.AppStore|iPhone.Build.0 = Debug|Any CPU
		{E5AF3005-B7CE-4595-B234-2E68829BF3AD}.AppStore|iPhoneSimulator.ActiveCfg = Debug|Any CPU
		{E5AF3005-B7CE-4595-B234-2E68829BF3AD}.AppStore|iPhoneSimulator.Build.0 = Debug|Any CPU
		{E5AF3005-B7CE-4595-B234-2E68829BF3AD}.AppStore|x64.ActiveCfg = Debug|Any CPU
		{E5AF3005-B7CE-4595-B234-2E68829BF3AD}.AppStore|x64.Build.0 = Debug|Any CPU
		{E5AF3005-B7CE-4595-B234-2E68829BF3AD}.AppStore|x86.ActiveCfg = Debug|Any CPU
		{E5AF3005-B7CE-4595-B234-2E68829BF3AD}.AppStore|x86.Build.0 = Debug|Any CPU
		{E5AF3005-B7CE-4595-B234-2E68829BF3AD}.Debug|Any CPU.ActiveCfg = Debug|Any CPU
		{E5AF3005-B7CE-4595-B234-2E68829BF3AD}.Debug|Any CPU.Build.0 = Debug|Any CPU
		{E5AF3005-B7CE-4595-B234-2E68829BF3AD}.Debug|ARM.ActiveCfg = Debug|Any CPU
		{E5AF3005-B7CE-4595-B234-2E68829BF3AD}.Debug|ARM.Build.0 = Debug|Any CPU
		{E5AF3005-B7CE-4595-B234-2E68829BF3AD}.Debug|iPhone.ActiveCfg = Debug|Any CPU
		{E5AF3005-B7CE-4595-B234-2E68829BF3AD}.Debug|iPhone.Build.0 = Debug|Any CPU
		{E5AF3005-B7CE-4595-B234-2E68829BF3AD}.Debug|iPhoneSimulator.ActiveCfg = Debug|Any CPU
		{E5AF3005-B7CE-4595-B234-2E68829BF3AD}.Debug|iPhoneSimulator.Build.0 = Debug|Any CPU
		{E5AF3005-B7CE-4595-B234-2E68829BF3AD}.Debug|x64.ActiveCfg = Debug|Any CPU
		{E5AF3005-B7CE-4595-B234-2E68829BF3AD}.Debug|x64.Build.0 = Debug|Any CPU
		{E5AF3005-B7CE-4595-B234-2E68829BF3AD}.Debug|x86.ActiveCfg = Debug|Any CPU
		{E5AF3005-B7CE-4595-B234-2E68829BF3AD}.Debug|x86.Build.0 = Debug|Any CPU
		{E5AF3005-B7CE-4595-B234-2E68829BF3AD}.Release|Any CPU.ActiveCfg = Release|Any CPU
		{E5AF3005-B7CE-4595-B234-2E68829BF3AD}.Release|Any CPU.Build.0 = Release|Any CPU
		{E5AF3005-B7CE-4595-B234-2E68829BF3AD}.Release|ARM.ActiveCfg = Release|Any CPU
		{E5AF3005-B7CE-4595-B234-2E68829BF3AD}.Release|ARM.Build.0 = Release|Any CPU
		{E5AF3005-B7CE-4595-B234-2E68829BF3AD}.Release|iPhone.ActiveCfg = Release|Any CPU
		{E5AF3005-B7CE-4595-B234-2E68829BF3AD}.Release|iPhone.Build.0 = Release|Any CPU
		{E5AF3005-B7CE-4595-B234-2E68829BF3AD}.Release|iPhoneSimulator.ActiveCfg = Release|Any CPU
		{E5AF3005-B7CE-4595-B234-2E68829BF3AD}.Release|iPhoneSimulator.Build.0 = Release|Any CPU
		{E5AF3005-B7CE-4595-B234-2E68829BF3AD}.Release|x64.ActiveCfg = Release|Any CPU
		{E5AF3005-B7CE-4595-B234-2E68829BF3AD}.Release|x64.Build.0 = Release|Any CPU
		{E5AF3005-B7CE-4595-B234-2E68829BF3AD}.Release|x86.ActiveCfg = Release|Any CPU
		{E5AF3005-B7CE-4595-B234-2E68829BF3AD}.Release|x86.Build.0 = Release|Any CPU
	EndGlobalSection
	GlobalSection(SolutionProperties) = preSolution
		HideSolutionNode = FALSE
	EndGlobalSection
	GlobalSection(ExtensibilityGlobals) = postSolution
		SolutionGuid = {20CE9891-CDBA-452D-BDAC-8C97E2BBD3B8}
	EndGlobalSection
	GlobalSection(TeamFoundationVersionControl) = preSolution
		SccNumberOfProjects = 6
		SccEnterpriseProvider = {4CA58AB2-18FA-4F8D-95D4-32DDF27D184C}
		SccTeamFoundationServer = https://mbxpapp.visualstudio.com/
		SccLocalPath0 = .
		SccProjectUniqueName1 = xbmpApp\\xbmpApp.Android\\xbmpApp.Android.csproj
		SccProjectName1 = xbmpApp/xbmpApp.Android
		SccLocalPath1 = xbmpApp\\xbmpApp.Android
		SccProjectUniqueName2 = xbmpApp\\xbmpApp.iOS\\xbmpApp.iOS.csproj
		SccProjectName2 = xbmpApp/xbmpApp.iOS
		SccLocalPath2 = xbmpApp\\xbmpApp.iOS
		SccProjectUniqueName3 = xbmpApp\\xbmpApp.UWP\\xbmpApp.UWP.csproj
		SccProjectName3 = xbmpApp/xbmpApp.UWP
		SccLocalPath3 = xbmpApp\\xbmpApp.UWP
		SccProjectUniqueName4 = xbmpApp\\xbmpApp\\xbmpApp.csproj
		SccProjectName4 = xbmpApp/xbmpApp
		SccLocalPath4 = xbmpApp\\xbmpApp
		SccProjectUniqueName5 = SitekickService\\SitekickService.csproj
		SccProjectName5 = SitekickService
		SccLocalPath5 = SitekickService
	EndGlobalSection
EndGlobal
